
Microsoft Visual Studio Solution File, Format Version 12.00
# Visual Studio Version 16
VisualStudioVersion = 16.0.29613.14
MinimumVisualStudioVersion = 10.0.40219.1
Project("{FAE04EC0-301F-11D3-BF4B-00C04F79EFBC}") = "LPC.Spritesheet.Generator", "LPC.Spritesheet.Generator.csproj", "{500A066E-FBA7-4FA1-AEB8-5BC1E1B5476C}"
EndProject
Project("{FAE04EC0-301F-11D3-BF4B-00C04F79EFBC}") = "LPC.Spritesheet.ResourceManager", "..\LPC.Spritesheet.ResourceManager.csproj", "{7CEF59F9-2508-4073-833D-A196FD108E9B}"
EndProject
Project("{2150E333-8FDC-42A3-9474-1A3956D46DE8}") = "Solution Items", "Solution Items", "{D0DEA1CA-A208-4824-87E9-D93EC902A093}"
	ProjectSection(SolutionItems) = preProject
		..\README.md = ..\README.md
	EndProjectSection
EndProject
Project("{FAE04EC0-301F-11D3-BF4B-00C04F79EFBC}") = "ConsoleGenerator", "..\ConsoleGenerator\ConsoleGenerator.csproj", "{0404F303-99B2-4FBA-A82C-396C8E795592}"
EndProject
Global
	GlobalSection(SolutionConfigurationPlatforms) = preSolution
		Debug|Any CPU = Debug|Any CPU
		Release|Any CPU = Release|Any CPU
	EndGlobalSection
	GlobalSection(ProjectConfigurationPlatforms) = postSolution
		{500A066E-FBA7-4FA1-AEB8-5BC1E1B5476C}.Debug|Any CPU.ActiveCfg = Debug|Any CPU
		{500A066E-FBA7-4FA1-AEB8-5BC1E1B5476C}.Debug|Any CPU.Build.0 = Debug|Any CPU
		{500A066E-FBA7-4FA1-AEB8-5BC1E1B5476C}.Release|Any CPU.ActiveCfg = Release|Any CPU
		{500A066E-FBA7-4FA1-AEB8-5BC1E1B5476C}.Release|Any CPU.Build.0 = Release|Any CPU
		{7CEF59F9-2508-4073-833D-A196FD108E9B}.Debug|Any CPU.ActiveCfg = Debug|Any CPU
		{7CEF59F9-2508-4073-833D-A196FD108E9B}.Debug|Any CPU.Build.0 = Debug|Any CPU
		{7CEF59F9-2508-4073-833D-A196FD108E9B}.Release|Any CPU.ActiveCfg = Release|Any CPU
		{7CEF59F9-2508-4073-833D-A196FD108E9B}.Release|Any CPU.Build.0 = Release|Any CPU
		{0404F303-99B2-4FBA-A82C-396C8E795592}.Debug|Any CPU.ActiveCfg = Debug|Any CPU
		{0404F303-99B2-4FBA-A82C-396C8E795592}.Debug|Any CPU.Build.0 = Debug|Any CPU
		{0404F303-99B2-4FBA-A82C-396C8E795592}.Release|Any CPU.ActiveCfg = Release|Any CPU
		{0404F303-99B2-4FBA-A82C-396C8E795592}.Release|Any CPU.Build.0 = Release|Any CPU
	EndGlobalSection
	GlobalSection(SolutionProperties) = preSolution
		HideSolutionNode = FALSE
	EndGlobalSection
	GlobalSection(ExtensibilityGlobals) = postSolution
		SolutionGuid = {A80FE574-6907-4CF4-A414-F46A1F39226F}
	EndGlobalSection
EndGlobal
